{
  "nodes": {
    "flakeNimbleLib": {
      "inputs": {
        "nixpkgs": [
          "nixpkgs"
        ]
      },
      "locked": {
        "lastModified": 1662018438,
        "narHash": "sha256-QtNtU6+LX3Wokxf0zlFwKTFOcn6TeDjKQZ+DA9OYtvM=",
        "owner": "riinr",
        "repo": "nim-flakes-lib",
        "rev": "b1fe8340736e3a85d25c709ac3dfd82a55c03cbf",
        "type": "github"
      },
      "original": {
        "owner": "riinr",
        "ref": "master",
        "repo": "nim-flakes-lib",
        "type": "github"
      }
    },
    "nixpkgs": {
      "locked": {
        "lastModified": 1667199707,
        "narHash": "sha256-I2Js3Y7gUyVSEXPULHlBoRek4Lh85vnevdS6mdvDNLI=",
        "owner": "NixOS",
        "repo": "nixpkgs",
        "rev": "ced197be72099edcfa68ebed8b87af7b04851f45",
        "type": "github"
      },
      "original": {
        "id": "nixpkgs",
        "type": "indirect"
      }
    },
    "root": {
      "inputs": {
        "flakeNimbleLib": "flakeNimbleLib",
        "nixpkgs": "nixpkgs",
        "typelists-master": "typelists-master"
      }
    },
    "src-typelists-master": {
      "flake": false,
      "locked": {
        "lastModified": 1574024343,
        "narHash": "sha256-Qky/+1g6eaRDEszS3cbsXLk7szUdctn50yGi5GmAmH8=",
        "owner": "yglukhov",
        "repo": "typelists",
        "rev": "681672b25ada596b29412241f0e4288072e7c8e3",
        "type": "github"
      },
      "original": {
        "owner": "yglukhov",
        "ref": "refs/heads/master",
        "repo": "typelists",
        "type": "github"
      }
    },
    "typelists-master": {
      "inputs": {
        "flakeNimbleLib": [
          "flakeNimbleLib"
        ],
        "nixpkgs": [
          "nixpkgs"
        ],
        "src-typelists-master": "src-typelists-master"
      },
      "locked": {
        "dir": "master",
        "lastModified": 1667322758,
        "narHash": "sha256-VJfW+PUvkpsRGn1MU8c7amx1D+hdMCRsuy6hWqd/lnc=",
        "owner": "nim-nix-pkgs",
        "repo": "typelists",
        "rev": "04e08bfe5c26dc9b9484c2873cd9f0275cddb29a",
        "type": "github"
      },
      "original": {
        "dir": "master",
        "owner": "nim-nix-pkgs",
        "ref": "master",
        "repo": "typelists",
        "type": "github"
      }
    }
  },
  "root": "root",
  "version": 7
}
